
Microsoft Visual Studio Solution File, Format Version 12.00
# Visual Studio 15
VisualStudioVersion = 15.0.28307.645
MinimumVisualStudioVersion = 10.0.40219.1
Project("{FAE04EC0-301F-11D3-BF4B-00C04F79EFBC}") = "AppConWebService", "AppConWebService\AppConWebService.csproj", "{AC692046-FF66-4621-BBD2-09951832427F}"
	ProjectSection(ProjectDependencies) = postProject
		{D89BCC19-8253-4F72-B847-BF7BFAFF142C} = {D89BCC19-8253-4F72-B847-BF7BFAFF142C}
	EndProjectSection
EndProject
Project("{FAE04EC0-301F-11D3-BF4B-00C04F79EFBC}") = "BLOG.Negocio", "BLOG.Negocio\BLOG.Negocio.csproj", "{C11BA881-CB55-48C7-9D57-F937C8B67D57}"
EndProject
Project("{FAE04EC0-301F-11D3-BF4B-00C04F79EFBC}") = "BLOG.Datos", "BLOG.Datos\BLOG.Datos.csproj", "{5934C81D-BAEE-4FAA-87B5-5773DAE85CB6}"
EndProject
Project("{FAE04EC0-301F-11D3-BF4B-00C04F79EFBC}") = "BLOG.Entidades", "BLOG.Entidades\BLOG.Entidades.csproj", "{2DA0B571-078E-4CE9-99F1-99F307B94007}"
EndProject
Project("{FAE04EC0-301F-11D3-BF4B-00C04F79EFBC}") = "BLOGService", "BLOGService\BLOGService.csproj", "{D89BCC19-8253-4F72-B847-BF7BFAFF142C}"
EndProject
Global
	GlobalSection(SolutionConfigurationPlatforms) = preSolution
		Debug|Any CPU = Debug|Any CPU
		Release|Any CPU = Release|Any CPU
	EndGlobalSection
	GlobalSection(ProjectConfigurationPlatforms) = postSolution
		{AC692046-FF66-4621-BBD2-09951832427F}.Debug|Any CPU.ActiveCfg = Debug|Any CPU
		{AC692046-FF66-4621-BBD2-09951832427F}.Debug|Any CPU.Build.0 = Debug|Any CPU
		{AC692046-FF66-4621-BBD2-09951832427F}.Release|Any CPU.ActiveCfg = Release|Any CPU
		{AC692046-FF66-4621-BBD2-09951832427F}.Release|Any CPU.Build.0 = Release|Any CPU
		{C11BA881-CB55-48C7-9D57-F937C8B67D57}.Debug|Any CPU.ActiveCfg = Debug|Any CPU
		{C11BA881-CB55-48C7-9D57-F937C8B67D57}.Debug|Any CPU.Build.0 = Debug|Any CPU
		{C11BA881-CB55-48C7-9D57-F937C8B67D57}.Release|Any CPU.ActiveCfg = Release|Any CPU
		{C11BA881-CB55-48C7-9D57-F937C8B67D57}.Release|Any CPU.Build.0 = Release|Any CPU
		{5934C81D-BAEE-4FAA-87B5-5773DAE85CB6}.Debug|Any CPU.ActiveCfg = Debug|Any CPU
		{5934C81D-BAEE-4FAA-87B5-5773DAE85CB6}.Debug|Any CPU.Build.0 = Debug|Any CPU
		{5934C81D-BAEE-4FAA-87B5-5773DAE85CB6}.Release|Any CPU.ActiveCfg = Release|Any CPU
		{5934C81D-BAEE-4FAA-87B5-5773DAE85CB6}.Release|Any CPU.Build.0 = Release|Any CPU
		{2DA0B571-078E-4CE9-99F1-99F307B94007}.Debug|Any CPU.ActiveCfg = Debug|Any CPU
		{2DA0B571-078E-4CE9-99F1-99F307B94007}.Debug|Any CPU.Build.0 = Debug|Any CPU
		{2DA0B571-078E-4CE9-99F1-99F307B94007}.Release|Any CPU.ActiveCfg = Release|Any CPU
		{2DA0B571-078E-4CE9-99F1-99F307B94007}.Release|Any CPU.Build.0 = Release|Any CPU
		{D89BCC19-8253-4F72-B847-BF7BFAFF142C}.Debug|Any CPU.ActiveCfg = Debug|Any CPU
		{D89BCC19-8253-4F72-B847-BF7BFAFF142C}.Debug|Any CPU.Build.0 = Debug|Any CPU
		{D89BCC19-8253-4F72-B847-BF7BFAFF142C}.Release|Any CPU.ActiveCfg = Release|Any CPU
		{D89BCC19-8253-4F72-B847-BF7BFAFF142C}.Release|Any CPU.Build.0 = Release|Any CPU
	EndGlobalSection
	GlobalSection(SolutionProperties) = preSolution
		HideSolutionNode = FALSE
	EndGlobalSection
	GlobalSection(ExtensibilityGlobals) = postSolution
		SolutionGuid = {4AA904CB-ADCA-473E-9FED-7A0E8D08EA11}
	EndGlobalSection
EndGlobal
